
Microsoft Visual Studio Solution File, Format Version 12.00
# Visual Studio Version 17
VisualStudioVersion = 17.9.34622.214
MinimumVisualStudioVersion = 10.0.40219.1
Project("{8BC9CEB8-8B4A-11D0-8D11-00A0C91BC942}") = "ImageLocalBrighten_v01", "ImageLocalBrighten_v01\ImageLocalBrighten_v01.vcxproj", "{678F3312-A070-4F05-9F98-697EDE0DAAB9}"
EndProject
Global
	GlobalSection(SolutionConfigurationPlatforms) = preSolution
		Debug|x64 = Debug|x64
		Debug|x86 = Debug|x86
		Release|x64 = Release|x64
		Release|x86 = Release|x86
	EndGlobalSection
	GlobalSection(ProjectConfigurationPlatforms) = postSolution
		{678F3312-A070-4F05-9F98-697EDE0DAAB9}.Debug|x64.ActiveCfg = Debug|x64
		{678F3312-A070-4F05-9F98-697EDE0DAAB9}.Debug|x64.Build.0 = Debug|x64
		{678F3312-A070-4F05-9F98-697EDE0DAAB9}.Debug|x86.ActiveCfg = Debug|Win32
		{678F3312-A070-4F05-9F98-697EDE0DAAB9}.Debug|x86.Build.0 = Debug|Win32
		{678F3312-A070-4F05-9F98-697EDE0DAAB9}.Release|x64.ActiveCfg = Release|x64
		{678F3312-A070-4F05-9F98-697EDE0DAAB9}.Release|x64.Build.0 = Release|x64
		{678F3312-A070-4F05-9F98-697EDE0DAAB9}.Release|x86.ActiveCfg = Release|Win32
		{678F3312-A070-4F05-9F98-697EDE0DAAB9}.Release|x86.Build.0 = Release|Win32
	EndGlobalSection
	GlobalSection(SolutionProperties) = preSolution
		HideSolutionNode = FALSE
	EndGlobalSection
	GlobalSection(ExtensibilityGlobals) = postSolution
		SolutionGuid = {CD70BC1B-1E1C-4110-8894-55A4B89BEB8C}
	EndGlobalSection
EndGlobal
